
Microsoft Visual Studio Solution File, Format Version 12.00
# Visual Studio Version 17
VisualStudioVersion = 17.5.002.0
MinimumVisualStudioVersion = 10.0.40219.1
Project("{9A19103F-16F7-4668-BE54-9A1E7A4F7556}") = "RandomStudentGeneratorTechAM", "RandomStudentGeneratorTechAM.csproj", "{161F7AC2-00A5-4993-80F6-3BCC6A3DE49C}"
EndProject
Global
	GlobalSection(SolutionConfigurationPlatforms) = preSolution
		Debug|Any CPU = Debug|Any CPU
		Release|Any CPU = Release|Any CPU
	EndGlobalSection
	GlobalSection(ProjectConfigurationPlatforms) = postSolution
		{161F7AC2-00A5-4993-80F6-3BCC6A3DE49C}.Debug|Any CPU.ActiveCfg = Debug|Any CPU
		{161F7AC2-00A5-4993-80F6-3BCC6A3DE49C}.Debug|Any CPU.Build.0 = Debug|Any CPU
		{161F7AC2-00A5-4993-80F6-3BCC6A3DE49C}.Release|Any CPU.ActiveCfg = Release|Any CPU
		{161F7AC2-00A5-4993-80F6-3BCC6A3DE49C}.Release|Any CPU.Build.0 = Release|Any CPU
	EndGlobalSection
	GlobalSection(SolutionProperties) = preSolution
		HideSolutionNode = FALSE
	EndGlobalSection
	GlobalSection(ExtensibilityGlobals) = postSolution
		SolutionGuid = {319E3DD7-54FB-4AB0-8DCA-EE765F11F51A}
	EndGlobalSection
EndGlobal
